Microsoft Visual Studio Solution File, Format Version 12.00
# Visual Studio 2012
Project("{FAE04EC0-301F-11D3-BF4B-00C04F79EFBC}") = "PlanetSurvival", "PlanetSurvival.csproj", "{869D8F65-3A8D-4FFF-B61B-3046B7AB6467}"
EndProject
Global
	GlobalSection(SolutionConfigurationPlatforms) = preSolution
	Debug|Any CPU = Debug|Any CPU
	ExportDebug|Any CPU = ExportDebug|Any CPU
	ExportRelease|Any CPU = ExportRelease|Any CPU
	EndGlobalSection
	GlobalSection(ProjectConfigurationPlatforms) = postSolution
		{869D8F65-3A8D-4FFF-B61B-3046B7AB6467}.Debug|Any CPU.ActiveCfg = Debug|Any CPU
		{869D8F65-3A8D-4FFF-B61B-3046B7AB6467}.Debug|Any CPU.Build.0 = Debug|Any CPU
		{869D8F65-3A8D-4FFF-B61B-3046B7AB6467}.ExportDebug|Any CPU.ActiveCfg = ExportDebug|Any CPU
		{869D8F65-3A8D-4FFF-B61B-3046B7AB6467}.ExportDebug|Any CPU.Build.0 = ExportDebug|Any CPU
		{869D8F65-3A8D-4FFF-B61B-3046B7AB6467}.ExportRelease|Any CPU.ActiveCfg = ExportRelease|Any CPU
		{869D8F65-3A8D-4FFF-B61B-3046B7AB6467}.ExportRelease|Any CPU.Build.0 = ExportRelease|Any CPU
	EndGlobalSection
EndGlobal
